
Microsoft Visual Studio Solution File, Format Version 12.00
# Visual Studio Version 17
VisualStudioVersion = 17.2.32519.379
MinimumVisualStudioVersion = 10.0.40219.1
Project("{8BC9CEB8-8B4A-11D0-8D11-00A0C91BC942}") = "MyThread", "MyThread\MyThread.vcxproj", "{0668BC07-0014-44DE-B649-F6C4EE66C85C}"
EndProject
Project("{8BC9CEB8-8B4A-11D0-8D11-00A0C91BC942}") = "MyThread2", "MyThread2\MyThread2.vcxproj", "{99E49F42-DB92-4E13-B17E-0D215719CB3F}"
EndProject
Project("{8BC9CEB8-8B4A-11D0-8D11-00A0C91BC942}") = "MyThread3", "MyThread3\MyThread3.vcxproj", "{500B2342-496D-4E8E-8975-AD56B760364B}"
EndProject
Global
	GlobalSection(SolutionConfigurationPlatforms) = preSolution
		Debug|x64 = Debug|x64
		Debug|x86 = Debug|x86
		Release|x64 = Release|x64
		Release|x86 = Release|x86
	EndGlobalSection
	GlobalSection(ProjectConfigurationPlatforms) = postSolution
		{0668BC07-0014-44DE-B649-F6C4EE66C85C}.Debug|x64.ActiveCfg = Debug|x64
		{0668BC07-0014-44DE-B649-F6C4EE66C85C}.Debug|x64.Build.0 = Debug|x64
		{0668BC07-0014-44DE-B649-F6C4EE66C85C}.Debug|x86.ActiveCfg = Debug|Win32
		{0668BC07-0014-44DE-B649-F6C4EE66C85C}.Debug|x86.Build.0 = Debug|Win32
		{0668BC07-0014-44DE-B649-F6C4EE66C85C}.Release|x64.ActiveCfg = Release|x64
		{0668BC07-0014-44DE-B649-F6C4EE66C85C}.Release|x64.Build.0 = Release|x64
		{0668BC07-0014-44DE-B649-F6C4EE66C85C}.Release|x86.ActiveCfg = Release|Win32
		{0668BC07-0014-44DE-B649-F6C4EE66C85C}.Release|x86.Build.0 = Release|Win32
		{99E49F42-DB92-4E13-B17E-0D215719CB3F}.Debug|x64.ActiveCfg = Debug|x64
		{99E49F42-DB92-4E13-B17E-0D215719CB3F}.Debug|x64.Build.0 = Debug|x64
		{99E49F42-DB92-4E13-B17E-0D215719CB3F}.Debug|x86.ActiveCfg = Debug|Win32
		{99E49F42-DB92-4E13-B17E-0D215719CB3F}.Debug|x86.Build.0 = Debug|Win32
		{99E49F42-DB92-4E13-B17E-0D215719CB3F}.Release|x64.ActiveCfg = Release|x64
		{99E49F42-DB92-4E13-B17E-0D215719CB3F}.Release|x64.Build.0 = Release|x64
		{99E49F42-DB92-4E13-B17E-0D215719CB3F}.Release|x86.ActiveCfg = Release|Win32
		{99E49F42-DB92-4E13-B17E-0D215719CB3F}.Release|x86.Build.0 = Release|Win32
		{500B2342-496D-4E8E-8975-AD56B760364B}.Debug|x64.ActiveCfg = Debug|x64
		{500B2342-496D-4E8E-8975-AD56B760364B}.Debug|x64.Build.0 = Debug|x64
		{500B2342-496D-4E8E-8975-AD56B760364B}.Debug|x86.ActiveCfg = Debug|Win32
		{500B2342-496D-4E8E-8975-AD56B760364B}.Debug|x86.Build.0 = Debug|Win32
		{500B2342-496D-4E8E-8975-AD56B760364B}.Release|x64.ActiveCfg = Release|x64
		{500B2342-496D-4E8E-8975-AD56B760364B}.Release|x64.Build.0 = Release|x64
		{500B2342-496D-4E8E-8975-AD56B760364B}.Release|x86.ActiveCfg = Release|Win32
		{500B2342-496D-4E8E-8975-AD56B760364B}.Release|x86.Build.0 = Release|Win32
	EndGlobalSection
	GlobalSection(SolutionProperties) = preSolution
		HideSolutionNode = FALSE
	EndGlobalSection
	GlobalSection(ExtensibilityGlobals) = postSolution
		SolutionGuid = {CC0BA998-C75A-4EDA-9717-CD806CDC02F9}
	EndGlobalSection
EndGlobal
